{
  "name": "server",
  "version": "1.0.0",
  "lockfileVersion": 1,
  "requires": true,
  "dependencies": {
    "parse-multipart-data": {
      "version": "1.5.0",
      "resolved": "https://registry.npmjs.org/parse-multipart-data/-/parse-multipart-data-1.5.0.tgz",
      "integrity": "sha512-ck5zaMF0ydjGfejNMnlo5YU2oJ+pT+80Jb1y4ybanT27j+zbVP/jkYmCrUGsEln0Ox/hZmuvgy8Ra7AxbXP2Mw=="
    }
  }
}
